
Microsoft Visual Studio Solution File, Format Version 12.00
# Visual Studio 15
VisualStudioVersion = 15.0.27428.2002
MinimumVisualStudioVersion = 10.0.40219.1
Project("{8BC9CEB8-8B4A-11D0-8D11-00A0C91BC942}") = "lab1_1", "lab1_1\lab1_1.vcxproj", "{A4404EB6-D880-49D7-B354-00E6E2E45A68}"
EndProject
Project("{8BC9CEB8-8B4A-11D0-8D11-00A0C91BC942}") = "lab1_2", "lab1_2\lab1_2.vcxproj", "{ED64419F-A7E5-4A10-BC8C-0726D3322DE0}"
EndProject
Global
	GlobalSection(SolutionConfigurationPlatforms) = preSolution
		Debug|x64 = Debug|x64
		Debug|x86 = Debug|x86
		Release|x64 = Release|x64
		Release|x86 = Release|x86
	EndGlobalSection
	GlobalSection(ProjectConfigurationPlatforms) = postSolution
		{A4404EB6-D880-49D7-B354-00E6E2E45A68}.Debug|x64.ActiveCfg = Debug|x64
		{A4404EB6-D880-49D7-B354-00E6E2E45A68}.Debug|x64.Build.0 = Debug|x64
		{A4404EB6-D880-49D7-B354-00E6E2E45A68}.Debug|x86.ActiveCfg = Debug|Win32
		{A4404EB6-D880-49D7-B354-00E6E2E45A68}.Debug|x86.Build.0 = Debug|Win32
		{A4404EB6-D880-49D7-B354-00E6E2E45A68}.Release|x64.ActiveCfg = Release|x64
		{A4404EB6-D880-49D7-B354-00E6E2E45A68}.Release|x64.Build.0 = Release|x64
		{A4404EB6-D880-49D7-B354-00E6E2E45A68}.Release|x86.ActiveCfg = Release|Win32
		{A4404EB6-D880-49D7-B354-00E6E2E45A68}.Release|x86.Build.0 = Release|Win32
		{ED64419F-A7E5-4A10-BC8C-0726D3322DE0}.Debug|x64.ActiveCfg = Debug|x64
		{ED64419F-A7E5-4A10-BC8C-0726D3322DE0}.Debug|x64.Build.0 = Debug|x64
		{ED64419F-A7E5-4A10-BC8C-0726D3322DE0}.Debug|x86.ActiveCfg = Debug|Win32
		{ED64419F-A7E5-4A10-BC8C-0726D3322DE0}.Debug|x86.Build.0 = Debug|Win32
		{ED64419F-A7E5-4A10-BC8C-0726D3322DE0}.Release|x64.ActiveCfg = Release|x64
		{ED64419F-A7E5-4A10-BC8C-0726D3322DE0}.Release|x64.Build.0 = Release|x64
		{ED64419F-A7E5-4A10-BC8C-0726D3322DE0}.Release|x86.ActiveCfg = Release|Win32
		{ED64419F-A7E5-4A10-BC8C-0726D3322DE0}.Release|x86.Build.0 = Release|Win32
	EndGlobalSection
	GlobalSection(SolutionProperties) = preSolution
		HideSolutionNode = FALSE
	EndGlobalSection
	GlobalSection(ExtensibilityGlobals) = postSolution
		SolutionGuid = {5D68B2AB-9DB3-439F-8CAC-C1B37231600A}
	EndGlobalSection
EndGlobal
